{
  "nodes": {
    "nixpkgs": {
      "locked": {
        "lastModified": 1732116157,
        "narHash": "sha256-XuUgZsbduu0ZTjuOw2dNWraJA7YKPGD3RKi71XRd2lk=",
        "owner": "hamburger1984",
        "repo": "nixpkgs",
        "rev": "5ec79a767f5582432f78b1fe00138e9b1b14a0d0",
        "type": "github"
      },
      "original": {
        "owner": "hamburger1984",
        "ref": "master",
        "repo": "nixpkgs",
        "type": "github"
      }
    },
    "root": {
      "inputs": {
        "nixpkgs": "nixpkgs",
        "steam-fetcher": "steam-fetcher"
      }
    },
    "steam-fetcher": {
      "inputs": {
        "nixpkgs": [
          "nixpkgs"
        ]
      },
      "locked": {
        "lastModified": 1732119178,
        "narHash": "sha256-jbQLFoYIpbWo1Jl8T+jCs1puLFz+lmC8nNvwoHnSBGs=",
        "owner": "hamburger1984",
        "repo": "steam-fetcher",
        "rev": "582eb4f044614775a153ae0a21d1ba76d22baee0",
        "type": "github"
      },
      "original": {
        "owner": "hamburger1984",
        "ref": "main",
        "repo": "steam-fetcher",
        "type": "github"
      }
    }
  },
  "root": "root",
  "version": 7
}
